
Microsoft Visual Studio Solution File, Format Version 12.00
# Visual Studio Version 16
VisualStudioVersion = 16.0.31410.357
MinimumVisualStudioVersion = 10.0.40219.1
Project("{FAE04EC0-301F-11D3-BF4B-00C04F79EFBC}") = "one", "one\one.csproj", "{020EB483-2C53-4B46-AE94-2F737CAD7E07}"
EndProject
Global
	GlobalSection(SolutionConfigurationPlatforms) = preSolution
		Debug|Any CPU = Debug|Any CPU
		Release|Any CPU = Release|Any CPU
	EndGlobalSection
	GlobalSection(ProjectConfigurationPlatforms) = postSolution
		{020EB483-2C53-4B46-AE94-2F737CAD7E07}.Debug|Any CPU.ActiveCfg = Debug|Any CPU
		{020EB483-2C53-4B46-AE94-2F737CAD7E07}.Debug|Any CPU.Build.0 = Debug|Any CPU
		{020EB483-2C53-4B46-AE94-2F737CAD7E07}.Release|Any CPU.ActiveCfg = Release|Any CPU
		{020EB483-2C53-4B46-AE94-2F737CAD7E07}.Release|Any CPU.Build.0 = Release|Any CPU
	EndGlobalSection
	GlobalSection(SolutionProperties) = preSolution
		HideSolutionNode = FALSE
	EndGlobalSection
	GlobalSection(ExtensibilityGlobals) = postSolution
		SolutionGuid = {34717D96-D03D-486F-A181-1293EFC22E56}
	EndGlobalSection
EndGlobal
